<?xml version="1.0" encoding="utf-8"?>
<Project ToolsVersion="4.0" xmlns="http://schemas.microsoft.com/developer/msbuild/2003">
  <ItemGroup>
    <Filter Include="Source Files">
      <UniqueIdentifier>{4FC737F1-C7A5-4376-A066-2A32D752A2FF}</UniqueIdentifier>
      <Extensions>cpp;c;cc;cxx;c++;cppm;ixx;def;odl;idl;hpj;bat;asm;asmx</Extensions>
    </Filter>
    <Filter Include="Features">
      <UniqueIdentifier>{99dbc145-59d8-4610-99cf-a36315162c67}</UniqueIdentifier>
    </Filter>
    <Filter Include="SDK">
      <UniqueIdentifier>{0b92d4c7-02b0-4758-bcf6-14491bd860b2}</UniqueIdentifier>
    </Filter>
    <Filter Include="Hooks">
      <UniqueIdentifier>{2f1e582f-8584-4ceb-85a9-3572fef00236}</UniqueIdentifier>
    </Filter>
    <Filter Include="Features\Animations">
      <UniqueIdentifier>{ec876150-a6b4-4528-a309-8688fd311e8b}</UniqueIdentifier>
    </Filter>
    <Filter Include="Utilities">
      <UniqueIdentifier>{f4061b2a-21b1-4b48-a238-7a4d00c3c397}</UniqueIdentifier>
    </Filter>
    <Filter Include="SDK\eSolid">
      <UniqueIdentifier>{73b19318-3aa5-42a1-8f0d-4fd727d952e5}</UniqueIdentifier>
    </Filter>
    <Filter Include="Features\Menu">
      <UniqueIdentifier>{04abf21e-f7d6-498f-9010-824c4f2443d3}</UniqueIdentifier>
    </Filter>
    <Filter Include="SDK\FrontEnd">
      <UniqueIdentifier>{062c29b1-06c6-4595-aa23-2ffdd800f4f5}</UniqueIdentifier>
    </Filter>
    <Filter Include="Config">
      <UniqueIdentifier>{a0a654d8-1298-4245-aa0a-f3d7a132bedf}</UniqueIdentifier>
    </Filter>
    <Filter Include="Features\Customization">
      <UniqueIdentifier>{6caa5eb4-48e9-4127-ae9b-91dd2e320090}</UniqueIdentifier>
    </Filter>
  </ItemGroup>
  <ItemGroup>
    <ClCompile Include="ExtendedCustomization\dllmain.cpp">
      <Filter>Source Files</Filter>
    </ClCompile>
    <ClCompile Include="ExtendedCustomization\Animations.cpp">
      <Filter>Features\Animations</Filter>
    </ClCompile>
    <ClCompile Include="ExtendedCustomization\eSolid.cpp">
      <Filter>SDK\eSolid</Filter>
    </ClCompile>
    <ClCompile Include="ExtendedCustomization\ConfigInit.cpp">
      <Filter>Config</Filter>
    </ClCompile>
    <ClCompile Include="ExtendedCustomization\Config.cpp">
      <Filter>Config</Filter>
    </ClCompile>
  </ItemGroup>
  <ItemGroup>
    <ClInclude Include="ExtendedCustomization\Feature.h">
      <Filter>Features</Filter>
    </ClInclude>
    <ClInclude Include="ExtendedCustomization\RideInfo.h">
      <Filter>SDK</Filter>
    </ClInclude>
    <ClInclude Include="ExtendedCustomization\FeGarageMain.h">
      <Filter>SDK</Filter>
    </ClInclude>
    <ClInclude Include="ExtendedCustomization\FECustomizationRecord.h">
      <Filter>SDK</Filter>
    </ClInclude>
    <ClInclude Include="ExtendedCustomization\Hashes.h">
      <Filter>SDK</Filter>
    </ClInclude>
    <ClInclude Include="ExtendedCustomization\Slots.h">
      <Filter>SDK</Filter>
    </ClInclude>
    <ClInclude Include="ExtendedCustomization\DBCarPart.h">
      <Filter>SDK</Filter>
    </ClInclude>
    <ClInclude Include="ExtendedCustomization\CarPartDatabase.h">
      <Filter>SDK</Filter>
    </ClInclude>
    <ClInclude Include="ExtendedCustomization\StandardSelectablePart.h">
      <Filter>SDK</Filter>
    </ClInclude>
    <ClInclude Include="ExtendedCustomization\FECarRecord.h">
      <Filter>SDK</Filter>
    </ClInclude>
    <ClInclude Include="ExtendedCustomization\Game.h">
      <Filter>SDK</Filter>
    </ClInclude>
    <ClInclude Include="ExtendedCustomization\Constants.h">
      <Filter>SDK</Filter>
    </ClInclude>
    <ClInclude Include="ExtendedCustomization\CarRenderInfoHooks.h">
      <Filter>Hooks</Filter>
    </ClInclude>
    <ClInclude Include="ExtendedCustomization\CarRenderInfo.h">
      <Filter>SDK</Filter>
    </ClInclude>
    <ClInclude Include="ExtendedCustomization\CarRenderInfoExtras.h">
      <Filter>Features</Filter>
    </ClInclude>
    <ClInclude Include="ExtendedCustomization\TextureInfo.h">
      <Filter>SDK</Filter>
    </ClInclude>
    <ClInclude Include="ExtendedCustomization\Node.h">
      <Filter>SDK</Filter>
    </ClInclude>
    <ClInclude Include="ExtendedCustomization\PositionMarker.h">
      <Filter>SDK</Filter>
    </ClInclude>
    <ClInclude Include="ExtendedCustomization\eLightMaterial.h">
      <Filter>SDK</Filter>
    </ClInclude>
    <ClInclude Include="ExtendedCustomization\eModel.h">
      <Filter>SDK</Filter>
    </ClInclude>
    <ClInclude Include="ExtendedCustomization\Func.h">
      <Filter>SDK</Filter>
    </ClInclude>
    <ClInclude Include="ExtendedCustomization\FrontEndRenderingCar.h">
      <Filter>SDK</Filter>
    </ClInclude>
    <ClInclude Include="ExtendedCustomization\CarRenderConn.h">
      <Filter>SDK</Filter>
    </ClInclude>
    <ClInclude Include="ExtendedCustomization\Animations.h">
      <Filter>Features\Animations</Filter>
    </ClInclude>
    <ClInclude Include="ExtendedCustomization\D3DWrapper.h">
      <Filter>Utilities</Filter>
    </ClInclude>
    <ClInclude Include="ExtendedCustomization\Textures.h">
      <Filter>Features</Filter>
    </ClInclude>
    <ClInclude Include="ExtendedCustomization\eLightContext.h">
      <Filter>SDK</Filter>
    </ClInclude>
    <ClInclude Include="ExtendedCustomization\eReplacementTextures.h">
      <Filter>SDK</Filter>
    </ClInclude>
    <ClInclude Include="ExtendedCustomization\PVehicle.h">
      <Filter>SDK</Filter>
    </ClInclude>
    <ClInclude Include="ExtendedCustomization\UserInput.h">
      <Filter>Features</Filter>
    </ClInclude>
    <ClInclude Include="ExtendedCustomization\eSolid.h">
      <Filter>SDK\eSolid</Filter>
    </ClInclude>
    <ClInclude Include="ExtendedCustomization\FeCustomizePartsMenu.h">
      <Filter>Features\Menu</Filter>
    </ClInclude>
    <ClInclude Include="ExtendedCustomization\FeCustomizeParts.h">
      <Filter>SDK\FrontEnd</Filter>
    </ClInclude>
    <ClInclude Include="ExtendedCustomization\FEString.h">
      <Filter>SDK\FrontEnd</Filter>
    </ClInclude>
    <ClInclude Include="ExtendedCustomization\FEObject.h">
      <Filter>SDK\FrontEnd</Filter>
    </ClInclude>
    <ClInclude Include="ExtendedCustomization\FeCustomizeMainMenu.h">
      <Filter>Features\Menu</Filter>
    </ClInclude>
    <ClInclude Include="ExtendedCustomization\VectorScrollerMenu.h">
      <Filter>SDK\FrontEnd</Filter>
    </ClInclude>
    <ClInclude Include="ExtendedCustomization\ScrollOption.h">
      <Filter>SDK\FrontEnd</Filter>
    </ClInclude>
    <ClInclude Include="ExtendedCustomization\FEPackage.h">
      <Filter>SDK\FrontEnd</Filter>
    </ClInclude>
    <ClInclude Include="ExtendedCustomization\FeCustomizeMain.h">
      <Filter>SDK\FrontEnd</Filter>
    </ClInclude>
    <ClInclude Include="ExtendedCustomization\FEButton.h">
      <Filter>SDK\FrontEnd</Filter>
    </ClInclude>
    <ClInclude Include="ExtendedCustomization\Menu.h">
      <Filter>Features\Menu</Filter>
    </ClInclude>
    <ClInclude Include="ExtendedCustomization\Config.h">
      <Filter>Config</Filter>
    </ClInclude>
    <ClInclude Include="ExtendedCustomization\ConfigParts.h">
      <Filter>Config</Filter>
    </ClInclude>
    <ClInclude Include="ExtendedCustomization\FeCustomizeVisualsMenu.h">
      <Filter>Features\Menu</Filter>
    </ClInclude>
    <ClInclude Include="ExtendedCustomization\FeCustomizeVisuals.h">
      <Filter>SDK\FrontEnd</Filter>
    </ClInclude>
    <ClInclude Include="ExtendedCustomization\PartList.h">
      <Filter>Features\Menu</Filter>
    </ClInclude>
    <ClInclude Include="ExtendedCustomization\AutosculptSelectablePart.h">
      <Filter>SDK</Filter>
    </ClInclude>
    <ClInclude Include="ExtendedCustomization\Customization.h">
      <Filter>Features\Customization</Filter>
    </ClInclude>
    <ClInclude Include="ExtendedCustomization\LegacyCustomization.h">
      <Filter>Features\Customization</Filter>
    </ClInclude>
  </ItemGroup>
</Project>