<?xml version="1.0" encoding="utf-8"?>
<Project ToolsVersion="4.0" xmlns="http://schemas.microsoft.com/developer/msbuild/2003">
  <ItemGroup>
    <Filter Include="Source Files">
      <UniqueIdentifier>{4FC737F1-C7A5-4376-A066-2A32D752A2FF}</UniqueIdentifier>
      <Extensions>cpp;c;cc;cxx;c++;cppm;ixx;def;odl;idl;hpj;bat;asm;asmx</Extensions>
    </Filter>
    <Filter Include="Features">
      <UniqueIdentifier>{99dbc145-59d8-4610-99cf-a36315162c67}</UniqueIdentifier>
    </Filter>
    <Filter Include="SDK">
      <UniqueIdentifier>{0b92d4c7-02b0-4758-bcf6-14491bd860b2}</UniqueIdentifier>
    </Filter>
    <Filter Include="Hooks">
      <UniqueIdentifier>{2f1e582f-8584-4ceb-85a9-3572fef00236}</UniqueIdentifier>
    </Filter>
    <Filter Include="Features\Animations">
      <UniqueIdentifier>{ec876150-a6b4-4528-a309-8688fd311e8b}</UniqueIdentifier>
    </Filter>
    <Filter Include="Utilities">
      <UniqueIdentifier>{f4061b2a-21b1-4b48-a238-7a4d00c3c397}</UniqueIdentifier>
    </Filter>
    <Filter Include="SDK\eSolid">
      <UniqueIdentifier>{73b19318-3aa5-42a1-8f0d-4fd727d952e5}</UniqueIdentifier>
    </Filter>
    <Filter Include="Features\Menu">
      <UniqueIdentifier>{04abf21e-f7d6-498f-9010-824c4f2443d3}</UniqueIdentifier>
    </Filter>
    <Filter Include="SDK\FrontEnd">
      <UniqueIdentifier>{062c29b1-06c6-4595-aa23-2ffdd800f4f5}</UniqueIdentifier>
    </Filter>
    <Filter Include="Config">
      <UniqueIdentifier>{a0a654d8-1298-4245-aa0a-f3d7a132bedf}</UniqueIdentifier>
    </Filter>
    <Filter Include="Features\Customization">
      <UniqueIdentifier>{6caa5eb4-48e9-4127-ae9b-91dd2e320090}</UniqueIdentifier>
    </Filter>
    <Filter Include="Features\Vinyls">
      <UniqueIdentifier>{a89337fd-9f91-4a15-8086-1d7cc4037057}</UniqueIdentifier>
    </Filter>
  </ItemGroup>
  <ItemGroup>
    <ClCompile Include="ExtendedCustomization\dllmain.cpp">
      <Filter>Source Files</Filter>
    </ClCompile>
    <ClCompile Include="ExtendedCustomization\Features\Animations.cpp">
      <Filter>Features\Animations</Filter>
    </ClCompile>
    <ClCompile Include="ExtendedCustomization\SDK\eSolid.cpp">
      <Filter>SDK\eSolid</Filter>
    </ClCompile>
    <ClCompile Include="ExtendedCustomization\Config\ConfigInit.cpp">
      <Filter>Config</Filter>
    </ClCompile>
    <ClCompile Include="ExtendedCustomization\Config\Config.cpp">
      <Filter>Config</Filter>
    </ClCompile>
    <ClCompile Include="ExtendedCustomization\Features\AmbientShadow.cpp">
      <Filter>Features</Filter>
    </ClCompile>
  </ItemGroup>
  <ItemGroup>
    <ClInclude Include="ExtendedCustomization\Features\Feature.h">
      <Filter>Features</Filter>
    </ClInclude>
    <ClInclude Include="ExtendedCustomization\SDK\RideInfo.h">
      <Filter>SDK</Filter>
    </ClInclude>
    <ClInclude Include="ExtendedCustomization\SDK\FeGarageMain.h">
      <Filter>SDK</Filter>
    </ClInclude>
    <ClInclude Include="ExtendedCustomization\SDK\FECustomizationRecord.h">
      <Filter>SDK</Filter>
    </ClInclude>
    <ClInclude Include="ExtendedCustomization\SDK\Hashes.h">
      <Filter>SDK</Filter>
    </ClInclude>
    <ClInclude Include="ExtendedCustomization\SDK\Slots.h">
      <Filter>SDK</Filter>
    </ClInclude>
    <ClInclude Include="ExtendedCustomization\SDK\CarPartDatabase.h">
      <Filter>SDK</Filter>
    </ClInclude>
    <ClInclude Include="ExtendedCustomization\SDK\StandardSelectablePart.h">
      <Filter>SDK</Filter>
    </ClInclude>
    <ClInclude Include="ExtendedCustomization\SDK\FECarRecord.h">
      <Filter>SDK</Filter>
    </ClInclude>
    <ClInclude Include="ExtendedCustomization\SDK\Game.h">
      <Filter>SDK</Filter>
    </ClInclude>
    <ClInclude Include="ExtendedCustomization\SDK\Constants.h">
      <Filter>SDK</Filter>
    </ClInclude>
    <ClInclude Include="ExtendedCustomization\Hooks\CarRenderInfoHooks.h">
      <Filter>Hooks</Filter>
    </ClInclude>
    <ClInclude Include="ExtendedCustomization\SDK\CarRenderInfo.h">
      <Filter>SDK</Filter>
    </ClInclude>
    <ClInclude Include="ExtendedCustomization\Features\CarRenderInfoExtras.h">
      <Filter>Features</Filter>
    </ClInclude>
    <ClInclude Include="ExtendedCustomization\SDK\TextureInfo.h">
      <Filter>SDK</Filter>
    </ClInclude>
    <ClInclude Include="ExtendedCustomization\SDK\Node.h">
      <Filter>SDK</Filter>
    </ClInclude>
    <ClInclude Include="ExtendedCustomization\SDK\PositionMarker.h">
      <Filter>SDK</Filter>
    </ClInclude>
    <ClInclude Include="ExtendedCustomization\SDK\eLightMaterial.h">
      <Filter>SDK</Filter>
    </ClInclude>
    <ClInclude Include="ExtendedCustomization\SDK\eModel.h">
      <Filter>SDK</Filter>
    </ClInclude>
    <ClInclude Include="ExtendedCustomization\SDK\Func.h">
      <Filter>SDK</Filter>
    </ClInclude>
    <ClInclude Include="ExtendedCustomization\SDK\FrontEndRenderingCar.h">
      <Filter>SDK</Filter>
    </ClInclude>
    <ClInclude Include="ExtendedCustomization\SDK\CarRenderConn.h">
      <Filter>SDK</Filter>
    </ClInclude>
    <ClInclude Include="ExtendedCustomization\Features\Animations.h">
      <Filter>Features\Animations</Filter>
    </ClInclude>
    <ClInclude Include="ExtendedCustomization\SDK\D3DWrapper.h">
      <Filter>Utilities</Filter>
    </ClInclude>
    <ClInclude Include="ExtendedCustomization\Features\Textures.h">
      <Filter>Features</Filter>
    </ClInclude>
    <ClInclude Include="ExtendedCustomization\SDK\eLightContext.h">
      <Filter>SDK</Filter>
    </ClInclude>
    <ClInclude Include="ExtendedCustomization\SDK\eReplacementTextures.h">
      <Filter>SDK</Filter>
    </ClInclude>
    <ClInclude Include="ExtendedCustomization\SDK\PVehicle.h">
      <Filter>SDK</Filter>
    </ClInclude>
    <ClInclude Include="ExtendedCustomization\Features\UserInput.h">
      <Filter>Features</Filter>
    </ClInclude>
    <ClInclude Include="ExtendedCustomization\SDK\eSolid.h">
      <Filter>SDK\eSolid</Filter>
    </ClInclude>
    <ClInclude Include="ExtendedCustomization\Features\FeCustomizePartsMenu.h">
      <Filter>Features\Menu</Filter>
    </ClInclude>
    <ClInclude Include="ExtendedCustomization\SDK\FeCustomizeParts.h">
      <Filter>SDK\FrontEnd</Filter>
    </ClInclude>
    <ClInclude Include="ExtendedCustomization\SDK\FEString.h">
      <Filter>SDK\FrontEnd</Filter>
    </ClInclude>
    <ClInclude Include="ExtendedCustomization\SDK\FEObject.h">
      <Filter>SDK\FrontEnd</Filter>
    </ClInclude>
    <ClInclude Include="ExtendedCustomization\Features\FeCustomizeMainMenu.h">
      <Filter>Features\Menu</Filter>
    </ClInclude>
    <ClInclude Include="ExtendedCustomization\SDK\VectorScrollerMenu.h">
      <Filter>SDK\FrontEnd</Filter>
    </ClInclude>
    <ClInclude Include="ExtendedCustomization\SDK\ScrollOption.h">
      <Filter>SDK\FrontEnd</Filter>
    </ClInclude>
    <ClInclude Include="ExtendedCustomization\SDK\FEPackage.h">
      <Filter>SDK\FrontEnd</Filter>
    </ClInclude>
    <ClInclude Include="ExtendedCustomization\SDK\FeCustomizeMain.h">
      <Filter>SDK\FrontEnd</Filter>
    </ClInclude>
    <ClInclude Include="ExtendedCustomization\SDK\FEButton.h">
      <Filter>SDK\FrontEnd</Filter>
    </ClInclude>
    <ClInclude Include="ExtendedCustomization\Features\Menu.h">
      <Filter>Features\Menu</Filter>
    </ClInclude>
    <ClInclude Include="ExtendedCustomization\Config\Config.h">
      <Filter>Config</Filter>
    </ClInclude>
    <ClInclude Include="ExtendedCustomization\Config\ConfigParts.h">
      <Filter>Config</Filter>
    </ClInclude>
    <ClInclude Include="ExtendedCustomization\Features\FeCustomizeVisualsMenu.h">
      <Filter>Features\Menu</Filter>
    </ClInclude>
    <ClInclude Include="ExtendedCustomization\SDK\FeCustomizeVisuals.h">
      <Filter>SDK\FrontEnd</Filter>
    </ClInclude>
    <ClInclude Include="ExtendedCustomization\Features\PartList.h">
      <Filter>Features\Menu</Filter>
    </ClInclude>
    <ClInclude Include="ExtendedCustomization\SDK\AutosculptSelectablePart.h">
      <Filter>SDK</Filter>
    </ClInclude>
    <ClInclude Include="ExtendedCustomization\Features\Customization.h">
      <Filter>Features\Customization</Filter>
    </ClInclude>
    <ClInclude Include="ExtendedCustomization\Features\LegacyCustomization.h">
      <Filter>Features\Customization</Filter>
    </ClInclude>
    <ClInclude Include="ExtendedCustomization\Features\ForceLodA.h">
      <Filter>Features</Filter>
    </ClInclude>
    <ClInclude Include="ExtendedCustomization\Features\Decals.h">
      <Filter>Features</Filter>
    </ClInclude>
    <ClInclude Include="ExtendedCustomization\Features\PartAnimation.h">
      <Filter>Features\Animations</Filter>
    </ClInclude>
    <ClInclude Include="ExtendedCustomization\Features\PartMarker.h">
      <Filter>Features\Animations</Filter>
    </ClInclude>
    <ClInclude Include="ExtendedCustomization\Features\IPartMarker.h">
      <Filter>Features\Animations</Filter>
    </ClInclude>
    <ClInclude Include="ExtendedCustomization\SDK\DBCarPart.h">
      <Filter>SDK</Filter>
    </ClInclude>
    <ClInclude Include="ExtendedCustomization\SDK\ePoly.h">
      <Filter>SDK</Filter>
    </ClInclude>
    <ClInclude Include="ExtendedCustomization\SDK\eView.h">
      <Filter>SDK</Filter>
    </ClInclude>
    <ClInclude Include="ExtendedCustomization\SDK\Camera.h">
      <Filter>SDK</Filter>
    </ClInclude>
    <ClInclude Include="ExtendedCustomization\Features\AutosculptOverrides.h">
      <Filter>Features</Filter>
    </ClInclude>
    <ClInclude Include="ExtendedCustomization\SDK\AutoSculpt.h">
      <Filter>SDK</Filter>
    </ClInclude>
    <ClInclude Include="ExtendedCustomization\SDK\CarCustomizeManager.h">
      <Filter>SDK</Filter>
    </ClInclude>
    <ClInclude Include="ExtendedCustomization\Features\BrakelightGlow.h">
      <Filter>Features</Filter>
    </ClInclude>
    <ClInclude Include="ExtendedCustomization\Features\Neon.h">
      <Filter>Features</Filter>
    </ClInclude>
    <ClInclude Include="ExtendedCustomization\SDK\VinylManager.h">
      <Filter>SDK</Filter>
    </ClInclude>
    <ClInclude Include="ExtendedCustomization\Features\SmoothVinyls.h">
      <Filter>Features\Vinyls</Filter>
    </ClInclude>
    <ClInclude Include="ExtendedCustomization\SDK\RasterizationManager.h">
      <Filter>SDK</Filter>
    </ClInclude>
    <ClInclude Include="ExtendedCustomization\Features\Vinyls.h">
      <Filter>Features\Vinyls</Filter>
    </ClInclude>
    <ClInclude Include="ExtendedCustomization\SDK\CarSkinManager.h">
      <Filter>SDK</Filter>
    </ClInclude>
  </ItemGroup>
</Project>