<?xml version="1.0" encoding="utf-8"?>
<Project ToolsVersion="4.0" xmlns="http://schemas.microsoft.com/developer/msbuild/2003">
  <ItemGroup>
    <Filter Include="Source Files">
      <UniqueIdentifier>{4FC737F1-C7A5-4376-A066-2A32D752A2FF}</UniqueIdentifier>
      <Extensions>cpp;c;cc;cxx;c++;cppm;ixx;def;odl;idl;hpj;bat;asm;asmx</Extensions>
    </Filter>
    <Filter Include="Features">
      <UniqueIdentifier>{99dbc145-59d8-4610-99cf-a36315162c67}</UniqueIdentifier>
    </Filter>
    <Filter Include="SDK">
      <UniqueIdentifier>{0b92d4c7-02b0-4758-bcf6-14491bd860b2}</UniqueIdentifier>
    </Filter>
    <Filter Include="Hooks">
      <UniqueIdentifier>{2f1e582f-8584-4ceb-85a9-3572fef00236}</UniqueIdentifier>
    </Filter>
    <Filter Include="Features\Animations">
      <UniqueIdentifier>{ec876150-a6b4-4528-a309-8688fd311e8b}</UniqueIdentifier>
    </Filter>
    <Filter Include="Utilities">
      <UniqueIdentifier>{f4061b2a-21b1-4b48-a238-7a4d00c3c397}</UniqueIdentifier>
    </Filter>
    <Filter Include="SDK\eSolid">
      <UniqueIdentifier>{73b19318-3aa5-42a1-8f0d-4fd727d952e5}</UniqueIdentifier>
    </Filter>
    <Filter Include="Features\Menu">
      <UniqueIdentifier>{04abf21e-f7d6-498f-9010-824c4f2443d3}</UniqueIdentifier>
    </Filter>
    <Filter Include="SDK\FrontEnd">
      <UniqueIdentifier>{062c29b1-06c6-4595-aa23-2ffdd800f4f5}</UniqueIdentifier>
    </Filter>
    <Filter Include="Config">
      <UniqueIdentifier>{a0a654d8-1298-4245-aa0a-f3d7a132bedf}</UniqueIdentifier>
    </Filter>
    <Filter Include="Features\Customization">
      <UniqueIdentifier>{6caa5eb4-48e9-4127-ae9b-91dd2e320090}</UniqueIdentifier>
    </Filter>
    <Filter Include="Features\Vinyls">
      <UniqueIdentifier>{a89337fd-9f91-4a15-8086-1d7cc4037057}</UniqueIdentifier>
    </Filter>
    <Filter Include="Features\Stance">
      <UniqueIdentifier>{f25a46e5-3c21-49d6-9048-c620eca488cd}</UniqueIdentifier>
    </Filter>
  </ItemGroup>
  <ItemGroup>
    <ClCompile Include="dllmain.cpp">
      <Filter>Source Files</Filter>
    </ClCompile>
    <ClCompile Include="Animations.cpp">
      <Filter>Features\Animations</Filter>
    </ClCompile>
    <ClCompile Include="eSolid.cpp">
      <Filter>SDK\eSolid</Filter>
    </ClCompile>
    <ClCompile Include="ConfigInit.cpp">
      <Filter>Config</Filter>
    </ClCompile>
    <ClCompile Include="Config.cpp">
      <Filter>Config</Filter>
    </ClCompile>
    <ClCompile Include="AmbientShadow.cpp">
      <Filter>Features</Filter>
    </ClCompile>
  </ItemGroup>
  <ItemGroup>
    <ClInclude Include="Feature.h">
      <Filter>Features</Filter>
    </ClInclude>
    <ClInclude Include="RideInfo.h">
      <Filter>SDK</Filter>
    </ClInclude>
    <ClInclude Include="FeGarageMain.h">
      <Filter>SDK</Filter>
    </ClInclude>
    <ClInclude Include="FECustomizationRecord.h">
      <Filter>SDK</Filter>
    </ClInclude>
    <ClInclude Include="Hashes.h">
      <Filter>SDK</Filter>
    </ClInclude>
    <ClInclude Include="Slots.h">
      <Filter>SDK</Filter>
    </ClInclude>
    <ClInclude Include="CarPartDatabase.h">
      <Filter>SDK</Filter>
    </ClInclude>
    <ClInclude Include="StandardSelectablePart.h">
      <Filter>SDK</Filter>
    </ClInclude>
    <ClInclude Include="FECarRecord.h">
      <Filter>SDK</Filter>
    </ClInclude>
    <ClInclude Include="Game.h">
      <Filter>SDK</Filter>
    </ClInclude>
    <ClInclude Include="Constants.h">
      <Filter>SDK</Filter>
    </ClInclude>
    <ClInclude Include="CarRenderInfoHooks.h">
      <Filter>Hooks</Filter>
    </ClInclude>
    <ClInclude Include="CarRenderInfo.h">
      <Filter>SDK</Filter>
    </ClInclude>
    <ClInclude Include="CarRenderInfoExtras.h">
      <Filter>Features</Filter>
    </ClInclude>
    <ClInclude Include="TextureInfo.h">
      <Filter>SDK</Filter>
    </ClInclude>
    <ClInclude Include="Node.h">
      <Filter>SDK</Filter>
    </ClInclude>
    <ClInclude Include="PositionMarker.h">
      <Filter>SDK</Filter>
    </ClInclude>
    <ClInclude Include="eLightMaterial.h">
      <Filter>SDK</Filter>
    </ClInclude>
    <ClInclude Include="eModel.h">
      <Filter>SDK</Filter>
    </ClInclude>
    <ClInclude Include="Func.h">
      <Filter>SDK</Filter>
    </ClInclude>
    <ClInclude Include="FrontEndRenderingCar.h">
      <Filter>SDK</Filter>
    </ClInclude>
    <ClInclude Include="CarRenderConn.h">
      <Filter>SDK</Filter>
    </ClInclude>
    <ClInclude Include="Animations.h">
      <Filter>Features\Animations</Filter>
    </ClInclude>
    <ClInclude Include="D3DWrapper.h">
      <Filter>Utilities</Filter>
    </ClInclude>
    <ClInclude Include="Textures.h">
      <Filter>Features</Filter>
    </ClInclude>
    <ClInclude Include="eLightContext.h">
      <Filter>SDK</Filter>
    </ClInclude>
    <ClInclude Include="eReplacementTextures.h">
      <Filter>SDK</Filter>
    </ClInclude>
    <ClInclude Include="PVehicle.h">
      <Filter>SDK</Filter>
    </ClInclude>
    <ClInclude Include="UserInput.h">
      <Filter>Features</Filter>
    </ClInclude>
    <ClInclude Include="eSolid.h">
      <Filter>SDK\eSolid</Filter>
    </ClInclude>
    <ClInclude Include="FeCustomizePartsMenu.h">
      <Filter>Features\Menu</Filter>
    </ClInclude>
    <ClInclude Include="FeCustomizeParts.h">
      <Filter>SDK\FrontEnd</Filter>
    </ClInclude>
    <ClInclude Include="FEString.h">
      <Filter>SDK\FrontEnd</Filter>
    </ClInclude>
    <ClInclude Include="FEObject.h">
      <Filter>SDK\FrontEnd</Filter>
    </ClInclude>
    <ClInclude Include="FeCustomizeMainMenu.h">
      <Filter>Features\Menu</Filter>
    </ClInclude>
    <ClInclude Include="VectorScrollerMenu.h">
      <Filter>SDK\FrontEnd</Filter>
    </ClInclude>
    <ClInclude Include="ScrollOption.h">
      <Filter>SDK\FrontEnd</Filter>
    </ClInclude>
    <ClInclude Include="FEPackage.h">
      <Filter>SDK\FrontEnd</Filter>
    </ClInclude>
    <ClInclude Include="FeCustomizeMain.h">
      <Filter>SDK\FrontEnd</Filter>
    </ClInclude>
    <ClInclude Include="FEButton.h">
      <Filter>SDK\FrontEnd</Filter>
    </ClInclude>
    <ClInclude Include="Menu.h">
      <Filter>Features\Menu</Filter>
    </ClInclude>
    <ClInclude Include="Config.h">
      <Filter>Config</Filter>
    </ClInclude>
    <ClInclude Include="ConfigParts.h">
      <Filter>Config</Filter>
    </ClInclude>
    <ClInclude Include="FeCustomizeVisualsMenu.h">
      <Filter>Features\Menu</Filter>
    </ClInclude>
    <ClInclude Include="FeCustomizeVisuals.h">
      <Filter>SDK\FrontEnd</Filter>
    </ClInclude>
    <ClInclude Include="PartList.h">
      <Filter>Features\Menu</Filter>
    </ClInclude>
    <ClInclude Include="AutosculptSelectablePart.h">
      <Filter>SDK</Filter>
    </ClInclude>
    <ClInclude Include="Customization.h">
      <Filter>Features\Customization</Filter>
    </ClInclude>
    <ClInclude Include="LegacyCustomization.h">
      <Filter>Features\Customization</Filter>
    </ClInclude>
    <ClInclude Include="ForceLodA.h">
      <Filter>Features</Filter>
    </ClInclude>
    <ClInclude Include="Decals.h">
      <Filter>Features</Filter>
    </ClInclude>
    <ClInclude Include="PartAnimation.h">
      <Filter>Features\Animations</Filter>
    </ClInclude>
    <ClInclude Include="PartMarker.h">
      <Filter>Features\Animations</Filter>
    </ClInclude>
    <ClInclude Include="IPartMarker.h">
      <Filter>Features\Animations</Filter>
    </ClInclude>
    <ClInclude Include="DBCarPart.h">
      <Filter>SDK</Filter>
    </ClInclude>
    <ClInclude Include="ePoly.h">
      <Filter>SDK</Filter>
    </ClInclude>
    <ClInclude Include="eView.h">
      <Filter>SDK</Filter>
    </ClInclude>
    <ClInclude Include="Camera.h">
      <Filter>SDK</Filter>
    </ClInclude>
    <ClInclude Include="AutosculptOverrides.h">
      <Filter>Features</Filter>
    </ClInclude>
    <ClInclude Include="AutoSculpt.h">
      <Filter>SDK</Filter>
    </ClInclude>
    <ClInclude Include="CarCustomizeManager.h">
      <Filter>SDK</Filter>
    </ClInclude>
    <ClInclude Include="BrakelightGlow.h">
      <Filter>Features</Filter>
    </ClInclude>
    <ClInclude Include="Neon.h">
      <Filter>Features</Filter>
    </ClInclude>
    <ClInclude Include="VinylManager.h">
      <Filter>SDK</Filter>
    </ClInclude>
    <ClInclude Include="SmoothVinyls.h">
      <Filter>Features\Vinyls</Filter>
    </ClInclude>
    <ClInclude Include="RasterizationManager.h">
      <Filter>SDK</Filter>
    </ClInclude>
    <ClInclude Include="Vinyls.h">
      <Filter>Features\Vinyls</Filter>
    </ClInclude>
    <ClInclude Include="CarSkinManager.h">
      <Filter>SDK</Filter>
    </ClInclude>
    <ClInclude Include="Stance.h">
      <Filter>Features\Stance</Filter>
    </ClInclude>
    <ClInclude Include="Camber.h">
      <Filter>Features\Stance</Filter>
    </ClInclude>
    <ClInclude Include="TrackWidth.h">
      <Filter>Features\Stance</Filter>
    </ClInclude>
    <ClInclude Include="AutosculptSlider.h">
      <Filter>SDK</Filter>
    </ClInclude>
  </ItemGroup>
</Project>