<?xml version="1.0" encoding="utf-8"?>
<Project ToolsVersion="4.0" xmlns="http://schemas.microsoft.com/developer/msbuild/2003">
  <ItemGroup>
    <Filter Include="Features">
      <UniqueIdentifier>{99dbc145-59d8-4610-99cf-a36315162c67}</UniqueIdentifier>
    </Filter>
    <Filter Include="SDK">
      <UniqueIdentifier>{0b92d4c7-02b0-4758-bcf6-14491bd860b2}</UniqueIdentifier>
    </Filter>
    <Filter Include="Hooks">
      <UniqueIdentifier>{2f1e582f-8584-4ceb-85a9-3572fef00236}</UniqueIdentifier>
    </Filter>
    <Filter Include="Features\Animations">
      <UniqueIdentifier>{ec876150-a6b4-4528-a309-8688fd311e8b}</UniqueIdentifier>
    </Filter>
    <Filter Include="SDK\eSolid">
      <UniqueIdentifier>{73b19318-3aa5-42a1-8f0d-4fd727d952e5}</UniqueIdentifier>
    </Filter>
    <Filter Include="Features\Menu">
      <UniqueIdentifier>{04abf21e-f7d6-498f-9010-824c4f2443d3}</UniqueIdentifier>
    </Filter>
    <Filter Include="SDK\FrontEnd">
      <UniqueIdentifier>{062c29b1-06c6-4595-aa23-2ffdd800f4f5}</UniqueIdentifier>
    </Filter>
    <Filter Include="Config">
      <UniqueIdentifier>{a0a654d8-1298-4245-aa0a-f3d7a132bedf}</UniqueIdentifier>
    </Filter>
    <Filter Include="Features\Vinyls">
      <UniqueIdentifier>{a89337fd-9f91-4a15-8086-1d7cc4037057}</UniqueIdentifier>
    </Filter>
    <Filter Include="Features\Stance">
      <UniqueIdentifier>{f25a46e5-3c21-49d6-9048-c620eca488cd}</UniqueIdentifier>
    </Filter>
    <Filter Include="Features\Paints">
      <UniqueIdentifier>{372cea4a-f7ae-4230-b50d-af2d74768859}</UniqueIdentifier>
    </Filter>
    <Filter Include="SDK\ColorData">
      <UniqueIdentifier>{2d69987a-af53-4cf1-933f-940eb44d105f}</UniqueIdentifier>
    </Filter>
    <Filter Include="Utilities">
      <UniqueIdentifier>{9cdc812d-84c7-4938-a0e2-b3620a3bde4f}</UniqueIdentifier>
    </Filter>
    <Filter Include="Features\Shadow">
      <UniqueIdentifier>{5acc01d6-a900-4cfe-80c2-c7f6b09d46e2}</UniqueIdentifier>
    </Filter>
    <Filter Include="Features\Exhaust">
      <UniqueIdentifier>{678b1008-2a71-4cc8-9a63-e68c526b42da}</UniqueIdentifier>
    </Filter>
    <Filter Include="Features\Textures">
      <UniqueIdentifier>{f79d8fea-dbef-4922-b0f4-bad4f9091301}</UniqueIdentifier>
    </Filter>
    <Filter Include="Features\RotorGlow">
      <UniqueIdentifier>{f2396273-0649-471c-8bea-db2d89034e01}</UniqueIdentifier>
    </Filter>
    <Filter Include="Mod">
      <UniqueIdentifier>{830da9b6-4b70-46df-b133-eca7dad7e3ed}</UniqueIdentifier>
    </Filter>
    <Filter Include="Features\Autosculpt">
      <UniqueIdentifier>{f9e6804e-2b0e-4be9-8b4f-559034af91a5}</UniqueIdentifier>
    </Filter>
    <Filter Include="Features\Wheels">
      <UniqueIdentifier>{f1ed2186-a905-424c-bf47-1597159132c4}</UniqueIdentifier>
    </Filter>
    <Filter Include="Features\Legacy">
      <UniqueIdentifier>{77f917e6-ceb3-4234-bd0c-6e5ce12746cc}</UniqueIdentifier>
    </Filter>
    <Filter Include="Features\Customization">
      <UniqueIdentifier>{495c6bed-aa4c-4fd0-a44f-785876ce678b}</UniqueIdentifier>
    </Filter>
  </ItemGroup>
  <ItemGroup>
    <ClCompile Include="Animations.cpp">
      <Filter>Features\Animations</Filter>
    </ClCompile>
    <ClCompile Include="eSolid.cpp">
      <Filter>SDK\eSolid</Filter>
    </ClCompile>
    <ClCompile Include="ConfigInit.cpp">
      <Filter>Config</Filter>
    </ClCompile>
    <ClCompile Include="Config.cpp">
      <Filter>Config</Filter>
    </ClCompile>
    <ClCompile Include="ColorData.cpp">
      <Filter>SDK\ColorData</Filter>
    </ClCompile>
    <ClCompile Include="AmbientShadow.cpp">
      <Filter>Features\Shadow</Filter>
    </ClCompile>
    <ClCompile Include="RotorGlow.cpp">
      <Filter>Features\RotorGlow</Filter>
    </ClCompile>
    <ClCompile Include="ExhaustFX.cpp">
      <Filter>Features\Exhaust</Filter>
    </ClCompile>
    <ClCompile Include="Paints.cpp">
      <Filter>Features\Paints</Filter>
    </ClCompile>
    <ClCompile Include="dllmain.cpp" />
    <ClCompile Include="PartMarker.cpp">
      <Filter>Features\Animations</Filter>
    </ClCompile>
  </ItemGroup>
  <ItemGroup>
    <ClInclude Include="Feature.h">
      <Filter>Features</Filter>
    </ClInclude>
    <ClInclude Include="RideInfo.h">
      <Filter>SDK</Filter>
    </ClInclude>
    <ClInclude Include="FeGarageMain.h">
      <Filter>SDK</Filter>
    </ClInclude>
    <ClInclude Include="FECustomizationRecord.h">
      <Filter>SDK</Filter>
    </ClInclude>
    <ClInclude Include="Slots.h">
      <Filter>SDK</Filter>
    </ClInclude>
    <ClInclude Include="CarPartDatabase.h">
      <Filter>SDK</Filter>
    </ClInclude>
    <ClInclude Include="StandardSelectablePart.h">
      <Filter>SDK</Filter>
    </ClInclude>
    <ClInclude Include="FECarRecord.h">
      <Filter>SDK</Filter>
    </ClInclude>
    <ClInclude Include="Game.h">
      <Filter>SDK</Filter>
    </ClInclude>
    <ClInclude Include="CarRenderInfoHooks.h">
      <Filter>Hooks</Filter>
    </ClInclude>
    <ClInclude Include="CarRenderInfo.h">
      <Filter>SDK</Filter>
    </ClInclude>
    <ClInclude Include="CarRenderInfoExtras.h">
      <Filter>Features</Filter>
    </ClInclude>
    <ClInclude Include="TextureInfo.h">
      <Filter>SDK</Filter>
    </ClInclude>
    <ClInclude Include="Node.h">
      <Filter>SDK</Filter>
    </ClInclude>
    <ClInclude Include="PositionMarker.h">
      <Filter>SDK</Filter>
    </ClInclude>
    <ClInclude Include="eLightMaterial.h">
      <Filter>SDK</Filter>
    </ClInclude>
    <ClInclude Include="eModel.h">
      <Filter>SDK</Filter>
    </ClInclude>
    <ClInclude Include="FrontEndRenderingCar.h">
      <Filter>SDK</Filter>
    </ClInclude>
    <ClInclude Include="CarRenderConn.h">
      <Filter>SDK</Filter>
    </ClInclude>
    <ClInclude Include="Animations.h">
      <Filter>Features\Animations</Filter>
    </ClInclude>
    <ClInclude Include="LightingContext.h">
      <Filter>SDK</Filter>
    </ClInclude>
    <ClInclude Include="ReplacementTextureEntry.h">
      <Filter>SDK</Filter>
    </ClInclude>
    <ClInclude Include="PVehicle.h">
      <Filter>SDK</Filter>
    </ClInclude>
    <ClInclude Include="UserInput.h">
      <Filter>Features</Filter>
    </ClInclude>
    <ClInclude Include="eSolid.h">
      <Filter>SDK\eSolid</Filter>
    </ClInclude>
    <ClInclude Include="FeCustomizePartsMenu.h">
      <Filter>Features\Menu</Filter>
    </ClInclude>
    <ClInclude Include="FeCustomizeParts.h">
      <Filter>SDK\FrontEnd</Filter>
    </ClInclude>
    <ClInclude Include="FEString.h">
      <Filter>SDK\FrontEnd</Filter>
    </ClInclude>
    <ClInclude Include="FEObject.h">
      <Filter>SDK\FrontEnd</Filter>
    </ClInclude>
    <ClInclude Include="FeCustomizeMainMenu.h">
      <Filter>Features\Menu</Filter>
    </ClInclude>
    <ClInclude Include="VectorScrollerMenu.h">
      <Filter>SDK\FrontEnd</Filter>
    </ClInclude>
    <ClInclude Include="ScrollOption.h">
      <Filter>SDK\FrontEnd</Filter>
    </ClInclude>
    <ClInclude Include="FEPackage.h">
      <Filter>SDK\FrontEnd</Filter>
    </ClInclude>
    <ClInclude Include="FeCustomizeMain.h">
      <Filter>SDK\FrontEnd</Filter>
    </ClInclude>
    <ClInclude Include="FEButton.h">
      <Filter>SDK\FrontEnd</Filter>
    </ClInclude>
    <ClInclude Include="Menu.h">
      <Filter>Features\Menu</Filter>
    </ClInclude>
    <ClInclude Include="Config.h">
      <Filter>Config</Filter>
    </ClInclude>
    <ClInclude Include="ConfigParts.h">
      <Filter>Config</Filter>
    </ClInclude>
    <ClInclude Include="FeCustomizeVisualsMenu.h">
      <Filter>Features\Menu</Filter>
    </ClInclude>
    <ClInclude Include="FeCustomizeVisuals.h">
      <Filter>SDK\FrontEnd</Filter>
    </ClInclude>
    <ClInclude Include="PartList.h">
      <Filter>Features\Menu</Filter>
    </ClInclude>
    <ClInclude Include="AutosculptSelectablePart.h">
      <Filter>SDK</Filter>
    </ClInclude>
    <ClInclude Include="ForceLodA.h">
      <Filter>Features</Filter>
    </ClInclude>
    <ClInclude Include="Decals.h">
      <Filter>Features</Filter>
    </ClInclude>
    <ClInclude Include="PartAnimation.h">
      <Filter>Features\Animations</Filter>
    </ClInclude>
    <ClInclude Include="PartMarker.h">
      <Filter>Features\Animations</Filter>
    </ClInclude>
    <ClInclude Include="IPartMarker.h">
      <Filter>Features\Animations</Filter>
    </ClInclude>
    <ClInclude Include="DBCarPart.h">
      <Filter>SDK</Filter>
    </ClInclude>
    <ClInclude Include="ePoly.h">
      <Filter>SDK</Filter>
    </ClInclude>
    <ClInclude Include="eView.h">
      <Filter>SDK</Filter>
    </ClInclude>
    <ClInclude Include="Camera.h">
      <Filter>SDK</Filter>
    </ClInclude>
    <ClInclude Include="AutoSculpt.h">
      <Filter>SDK</Filter>
    </ClInclude>
    <ClInclude Include="CarCustomizeManager.h">
      <Filter>SDK</Filter>
    </ClInclude>
    <ClInclude Include="VinylManager.h">
      <Filter>SDK</Filter>
    </ClInclude>
    <ClInclude Include="SmoothVinyls.h">
      <Filter>Features\Vinyls</Filter>
    </ClInclude>
    <ClInclude Include="RasterizationManager.h">
      <Filter>SDK</Filter>
    </ClInclude>
    <ClInclude Include="Vinyls.h">
      <Filter>Features\Vinyls</Filter>
    </ClInclude>
    <ClInclude Include="CarSkinManager.h">
      <Filter>SDK</Filter>
    </ClInclude>
    <ClInclude Include="Stance.h">
      <Filter>Features\Stance</Filter>
    </ClInclude>
    <ClInclude Include="Camber.h">
      <Filter>Features\Stance</Filter>
    </ClInclude>
    <ClInclude Include="TrackWidth.h">
      <Filter>Features\Stance</Filter>
    </ClInclude>
    <ClInclude Include="AutosculptSlider.h">
      <Filter>SDK</Filter>
    </ClInclude>
    <ClInclude Include="PaintSelectablePart.h">
      <Filter>SDK</Filter>
    </ClInclude>
    <ClInclude Include="Paints.h">
      <Filter>Features\Paints</Filter>
    </ClInclude>
    <ClInclude Include="ColorData.h">
      <Filter>SDK\ColorData</Filter>
    </ClInclude>
    <ClInclude Include="Func.h">
      <Filter>Utilities</Filter>
    </ClInclude>
    <ClInclude Include="Neon.h">
      <Filter>Features\Shadow</Filter>
    </ClInclude>
    <ClInclude Include="ExhaustFX.h">
      <Filter>Features\Exhaust</Filter>
    </ClInclude>
    <ClInclude Include="ExhaustShake.h">
      <Filter>Features\Exhaust</Filter>
    </ClInclude>
    <ClInclude Include="MenuCameras.h">
      <Filter>Features\Menu</Filter>
    </ClInclude>
    <ClInclude Include="Textures.h">
      <Filter>Features\Textures</Filter>
    </ClInclude>
    <ClInclude Include="ReplacementTextures.h">
      <Filter>Features\Textures</Filter>
    </ClInclude>
    <ClInclude Include="LicensePlateText.h">
      <Filter>Features\Textures</Filter>
    </ClInclude>
    <ClInclude Include="RotorGlow.h">
      <Filter>Features\RotorGlow</Filter>
    </ClInclude>
    <ClInclude Include="Constants.h">
      <Filter>Utilities</Filter>
    </ClInclude>
    <ClInclude Include="AutosculptOverrides.h">
      <Filter>Features\Autosculpt</Filter>
    </ClInclude>
    <ClInclude Include="AutosculptFixLods.h">
      <Filter>Features\Autosculpt</Filter>
    </ClInclude>
    <ClInclude Include="InitializeEverythingHooks.h">
      <Filter>Hooks</Filter>
    </ClInclude>
    <ClInclude Include="WheelBrands.h">
      <Filter>Features\Wheels</Filter>
    </ClInclude>
    <ClInclude Include="Wheels.h">
      <Filter>Features\Wheels</Filter>
    </ClInclude>
    <ClInclude Include="TireWidth.h">
      <Filter>Features\Stance</Filter>
    </ClInclude>
    <ClInclude Include="LegacyCustomization.h">
      <Filter>Features\Legacy</Filter>
    </ClInclude>
    <ClInclude Include="LegacyTextures.h">
      <Filter>Features\Legacy</Filter>
    </ClInclude>
    <ClInclude Include="LegacyMenu.h">
      <Filter>Features\Legacy</Filter>
    </ClInclude>
    <ClInclude Include="Hashes.h">
      <Filter>Utilities</Filter>
    </ClInclude>
    <ClInclude Include="Math.h">
      <Filter>Utilities</Filter>
    </ClInclude>
    <ClInclude Include="SteerAngle.h">
      <Filter>Features</Filter>
    </ClInclude>
    <ClInclude Include="LegacyRandomParts.h">
      <Filter>Features\Legacy</Filter>
    </ClInclude>
    <ClInclude Include="Customization.h">
      <Filter>Features\Customization</Filter>
    </ClInclude>
    <ClInclude Include="RandomParts.h">
      <Filter>Features\Customization</Filter>
    </ClInclude>
    <ClInclude Include="SteeringWheelMarker.h">
      <Filter>Features\Animations</Filter>
    </ClInclude>
    <ClInclude Include="RideHeight.h">
      <Filter>Features\Stance</Filter>
    </ClInclude>
    <ClInclude Include="ActiveAero.h">
      <Filter>Features\Animations</Filter>
    </ClInclude>
    <ClInclude Include="Version.h">
      <Filter>Features</Filter>
    </ClInclude>
    <ClInclude Include="Effect.h">
      <Filter>SDK</Filter>
    </ClInclude>
    <ClInclude Include="WheelTextures.h">
      <Filter>Features\Wheels</Filter>
    </ClInclude>
    <ClInclude Include="EmissiveTextures.h">
      <Filter>Features\Textures</Filter>
    </ClInclude>
    <ClInclude Include="RenderingModel.h">
      <Filter>SDK</Filter>
    </ClInclude>
    <ClInclude Include="eLightFlare.h">
      <Filter>SDK</Filter>
    </ClInclude>
    <ClInclude Include="eDynamicLightPack.h">
      <Filter>SDK</Filter>
    </ClInclude>
    <ClInclude Include="Damage.h">
      <Filter>Features\Textures</Filter>
    </ClInclude>
    <ClInclude Include="CarDamage.h">
      <Filter>SDK</Filter>
    </ClInclude>
    <ClInclude Include="FlareColor.h">
      <Filter>Features</Filter>
    </ClInclude>
    <ClInclude Include="BrakelightGlow.h">
      <Filter>Features\Shadow</Filter>
    </ClInclude>
    <ClInclude Include="NewUI.h">
      <Filter>Features</Filter>
    </ClInclude>
    <ClInclude Include="FEGroup.h">
      <Filter>SDK\FrontEnd</Filter>
    </ClInclude>
    <ClInclude Include="CarbonSlot.h">
      <Filter>Features\Menu</Filter>
    </ClInclude>
  </ItemGroup>
  <ItemGroup>
    <None Include="..\Mod\ExtendedCustomization\Binary\main.end">
      <Filter>Mod</Filter>
    </None>
    <None Include="..\Mod\ExtendedCustomization\Binary\Localization\English.end">
      <Filter>Mod</Filter>
    </None>
    <None Include="..\Mod\ExtendedCustomization\install.nfsms">
      <Filter>Mod</Filter>
    </None>
    <None Include="..\Mod\ExtendedCustomization\Binary\Files\ExtendedCustomization.ini">
      <Filter>Mod</Filter>
    </None>
    <None Include="..\Mod\ExtendedCustomization\install.end">
      <Filter>Mod</Filter>
    </None>
  </ItemGroup>
  <ItemGroup>
    <Text Include="..\Mod\readme.txt">
      <Filter>Mod</Filter>
    </Text>
  </ItemGroup>
</Project>